<?xml version="1.0" encoding="utf-8"?>
<Project ToolsVersion="4.0" xmlns="http://schemas.microsoft.com/developer/msbuild/2003">
  <ItemGroup>
    <Filter Include="Source Files">
      <UniqueIdentifier>{4FC737F1-C7A5-4376-A066-2A32D752A2FF}</UniqueIdentifier>
      <Extensions>cpp;c;cc;cxx;def;odl;idl;hpj;bat;asm;asmx</Extensions>
    </Filter>
    <Filter Include="Header Files">
      <UniqueIdentifier>{93995380-89BD-4b04-88EB-625FBE52EBFB}</UniqueIdentifier>
      <Extensions>h;hpp;hxx;hm;inl;inc;xsd</Extensions>
    </Filter>
    <Filter Include="Resource Files">
      <UniqueIdentifier>{67DA6AB6-F800-4c08-8B7A-83BB121AAD01}</UniqueIdentifier>
      <Extensions>rc;ico;cur;bmp;dlg;rc2;rct;bin;rgs;gif;jpg;jpeg;jpe;resx;tiff;tif;png;wav;mfcribbon-ms</Extensions>
    </Filter>
  </ItemGroup>
  <ItemGroup>
    <ClInclude Include="..\..\metis-4.0\Lib\defs.h">
      <Filter>Header Files</Filter>
    </ClInclude>
    <ClInclude Include="..\..\metis-4.0\Lib\macros.h">
      <Filter>Header Files</Filter>
    </ClInclude>
    <ClInclude Include="..\..\metis-4.0\Lib\metis.h">
      <Filter>Header Files</Filter>
    </ClInclude>
    <ClInclude Include="..\..\metis-4.0\Lib\proto.h">
      <Filter>Header Files</Filter>
    </ClInclude>
    <ClInclude Include="..\..\metis-4.0\Lib\rename.h">
      <Filter>Header Files</Filter>
    </ClInclude>
    <ClInclude Include="..\..\metis-4.0\Lib\struct.h">
      <Filter>Header Files</Filter>
    </ClInclude>
  </ItemGroup>
  <ItemGroup>
    <ClCompile Include="..\..\metis-4.0\Lib\balance.c">
      <Filter>Source Files</Filter>
    </ClCompile>
    <ClCompile Include="..\..\metis-4.0\Lib\bucketsort.c">
      <Filter>Source Files</Filter>
    </ClCompile>
    <ClCompile Include="..\..\metis-4.0\Lib\ccgraph.c">
      <Filter>Source Files</Filter>
    </ClCompile>
    <ClCompile Include="..\..\metis-4.0\Lib\coarsen.c">
      <Filter>Source Files</Filter>
    </ClCompile>
    <ClCompile Include="..\..\metis-4.0\Lib\compress.c">
      <Filter>Source Files</Filter>
    </ClCompile>
    <ClCompile Include="..\..\metis-4.0\Lib\debug.c">
      <Filter>Source Files</Filter>
    </ClCompile>
    <ClCompile Include="..\..\metis-4.0\Lib\estmem.c">
      <Filter>Source Files</Filter>
    </ClCompile>
    <ClCompile Include="..\..\metis-4.0\Lib\fm.c">
      <Filter>Source Files</Filter>
    </ClCompile>
    <ClCompile Include="..\..\metis-4.0\Lib\fortran.c">
      <Filter>Source Files</Filter>
    </ClCompile>
    <ClCompile Include="..\..\metis-4.0\Lib\frename.c">
      <Filter>Source Files</Filter>
    </ClCompile>
    <ClCompile Include="..\..\metis-4.0\Lib\graph.c">
      <Filter>Source Files</Filter>
    </ClCompile>
    <ClCompile Include="..\..\metis-4.0\Lib\initpart.c">
      <Filter>Source Files</Filter>
    </ClCompile>
    <ClCompile Include="..\..\metis-4.0\Lib\kmetis.c">
      <Filter>Source Files</Filter>
    </ClCompile>
    <ClCompile Include="..\..\metis-4.0\Lib\kvmetis.c">
      <Filter>Source Files</Filter>
    </ClCompile>
    <ClCompile Include="..\..\metis-4.0\Lib\kwayfm.c">
      <Filter>Source Files</Filter>
    </ClCompile>
    <ClCompile Include="..\..\metis-4.0\Lib\kwayrefine.c">
      <Filter>Source Files</Filter>
    </ClCompile>
    <ClCompile Include="..\..\metis-4.0\Lib\kwayvolfm.c">
      <Filter>Source Files</Filter>
    </ClCompile>
    <ClCompile Include="..\..\metis-4.0\Lib\kwayvolrefine.c">
      <Filter>Source Files</Filter>
    </ClCompile>
    <ClCompile Include="..\..\metis-4.0\Lib\match.c">
      <Filter>Source Files</Filter>
    </ClCompile>
    <ClCompile Include="..\..\metis-4.0\Lib\mbalance.c">
      <Filter>Source Files</Filter>
    </ClCompile>
    <ClCompile Include="..\..\metis-4.0\Lib\mbalance2.c">
      <Filter>Source Files</Filter>
    </ClCompile>
    <ClCompile Include="..\..\metis-4.0\Lib\mcoarsen.c">
      <Filter>Source Files</Filter>
    </ClCompile>
    <ClCompile Include="..\..\metis-4.0\Lib\memory.c">
      <Filter>Source Files</Filter>
    </ClCompile>
    <ClCompile Include="..\..\metis-4.0\Lib\mesh.c">
      <Filter>Source Files</Filter>
    </ClCompile>
    <ClCompile Include="..\..\metis-4.0\Lib\meshpart.c">
      <Filter>Source Files</Filter>
    </ClCompile>
    <ClCompile Include="..\..\metis-4.0\Lib\mfm.c">
      <Filter>Source Files</Filter>
    </ClCompile>
    <ClCompile Include="..\..\metis-4.0\Lib\mfm2.c">
      <Filter>Source Files</Filter>
    </ClCompile>
    <ClCompile Include="..\..\metis-4.0\Lib\mincover.c">
      <Filter>Source Files</Filter>
    </ClCompile>
    <ClCompile Include="..\..\metis-4.0\Lib\minitpart.c">
      <Filter>Source Files</Filter>
    </ClCompile>
    <ClCompile Include="..\..\metis-4.0\Lib\minitpart2.c">
      <Filter>Source Files</Filter>
    </ClCompile>
    <ClCompile Include="..\..\metis-4.0\Lib\mkmetis.c">
      <Filter>Source Files</Filter>
    </ClCompile>
    <ClCompile Include="..\..\metis-4.0\Lib\mkwayfmh.c">
      <Filter>Source Files</Filter>
    </ClCompile>
    <ClCompile Include="..\..\metis-4.0\Lib\mkwayrefine.c">
      <Filter>Source Files</Filter>
    </ClCompile>
    <ClCompile Include="..\..\metis-4.0\Lib\mmatch.c">
      <Filter>Source Files</Filter>
    </ClCompile>
    <ClCompile Include="..\..\metis-4.0\Lib\mmd.c">
      <Filter>Source Files</Filter>
    </ClCompile>
    <ClCompile Include="..\..\metis-4.0\Lib\mpmetis.c">
      <Filter>Source Files</Filter>
    </ClCompile>
    <ClCompile Include="..\..\metis-4.0\Lib\mrefine.c">
      <Filter>Source Files</Filter>
    </ClCompile>
    <ClCompile Include="..\..\metis-4.0\Lib\mrefine2.c">
      <Filter>Source Files</Filter>
    </ClCompile>
    <ClCompile Include="..\..\metis-4.0\Lib\mutil.c">
      <Filter>Source Files</Filter>
    </ClCompile>
    <ClCompile Include="..\..\metis-4.0\Lib\myqsort.c">
      <Filter>Source Files</Filter>
    </ClCompile>
    <ClCompile Include="..\..\metis-4.0\Lib\ometis.c">
      <Filter>Source Files</Filter>
    </ClCompile>
    <ClCompile Include="..\..\metis-4.0\Lib\parmetis.c">
      <Filter>Source Files</Filter>
    </ClCompile>
    <ClCompile Include="..\..\metis-4.0\Lib\pmetis.c">
      <Filter>Source Files</Filter>
    </ClCompile>
    <ClCompile Include="..\..\metis-4.0\Lib\pqueue.c">
      <Filter>Source Files</Filter>
    </ClCompile>
    <ClCompile Include="..\..\metis-4.0\Lib\refine.c">
      <Filter>Source Files</Filter>
    </ClCompile>
    <ClCompile Include="..\..\metis-4.0\Lib\separator.c">
      <Filter>Source Files</Filter>
    </ClCompile>
    <ClCompile Include="..\..\metis-4.0\Lib\sfm.c">
      <Filter>Source Files</Filter>
    </ClCompile>
    <ClCompile Include="..\..\metis-4.0\Lib\srefine.c">
      <Filter>Source Files</Filter>
    </ClCompile>
    <ClCompile Include="..\..\metis-4.0\Lib\stat.c">
      <Filter>Source Files</Filter>
    </ClCompile>
    <ClCompile Include="..\..\metis-4.0\Lib\subdomains.c">
      <Filter>Source Files</Filter>
    </ClCompile>
    <ClCompile Include="..\..\metis-4.0\Lib\timing.c">
      <Filter>Source Files</Filter>
    </ClCompile>
    <ClCompile Include="..\..\metis-4.0\Lib\util.c">
      <Filter>Source Files</Filter>
    </ClCompile>
    <ClCompile Include="..\..\metis-4.0\Windows\winrand.c">
      <Filter>Source Files</Filter>
    </ClCompile>
  </ItemGroup>
</Project>